
Microsoft Visual Studio Solution File, Format Version 12.00
# Visual Studio Version 17
VisualStudioVersion = 17.7.34031.279
MinimumVisualStudioVersion = 10.0.40219.1
Project("{FAE04EC0-301F-11D3-BF4B-00C04F79EFBC}") = "EncapsulationDemoCSharp-41", "EncapsulationDemoCSharp-41\EncapsulationDemoCSharp-41.csproj", "{538A7C51-E203-4DCF-9680-B44FD92AE429}"
EndProject
Global
	GlobalSection(SolutionConfigurationPlatforms) = preSolution
		Debug|Any CPU = Debug|Any CPU
		Release|Any CPU = Release|Any CPU
	EndGlobalSection
	GlobalSection(ProjectConfigurationPlatforms) = postSolution
		{538A7C51-E203-4DCF-9680-B44FD92AE429}.Debug|Any CPU.ActiveCfg = Debug|Any CPU
		{538A7C51-E203-4DCF-9680-B44FD92AE429}.Debug|Any CPU.Build.0 = Debug|Any CPU
		{538A7C51-E203-4DCF-9680-B44FD92AE429}.Release|Any CPU.ActiveCfg = Release|Any CPU
		{538A7C51-E203-4DCF-9680-B44FD92AE429}.Release|Any CPU.Build.0 = Release|Any CPU
	EndGlobalSection
	GlobalSection(SolutionProperties) = preSolution
		HideSolutionNode = FALSE
	EndGlobalSection
	GlobalSection(ExtensibilityGlobals) = postSolution
		SolutionGuid = {BB3115DC-F3C7-4BBF-8B46-559C42A71BE7}
	EndGlobalSection
EndGlobal
